
Microsoft Visual Studio Solution File, Format Version 12.00
# Visual Studio Version 16
VisualStudioVersion = 16.0.30517.126
MinimumVisualStudioVersion = 10.0.40219.1
Project("{2150E333-8FDC-42A3-9474-1A3956D46DE8}") = "1-Services", "1-Services", "{F31AB1DF-BC58-442C-B04A-B99B61199E4E}"
EndProject
Project("{2150E333-8FDC-42A3-9474-1A3956D46DE8}") = "3-Domain", "3-Domain", "{9BDEC3B0-995B-43D8-ACCA-83CBAA4EB9CB}"
EndProject
Project("{2150E333-8FDC-42A3-9474-1A3956D46DE8}") = "4-Infra", "4-Infra", "{D0D8DD28-F939-4BDA-B79B-1F3D57D7421B}"
EndProject
Project("{2150E333-8FDC-42A3-9474-1A3956D46DE8}") = "1_Data", "1_Data", "{072870BA-86CF-4AE7-86B8-1DA6131ED4C8}"
EndProject
Project("{2150E333-8FDC-42A3-9474-1A3956D46DE8}") = "CrossCutting", "CrossCutting", "{E5125602-3C48-4C3E-B45B-A4C6447794DB}"
EndProject
Project("{9A19103F-16F7-4668-BE54-9A1E7A4F7556}") = "Mundipagg.Domain", "src\Mundipagg.Domain\Mundipagg.Domain.csproj", "{B44034D6-B90B-47F0-BD2B-E6DC617027D1}"
EndProject
Project("{9A19103F-16F7-4668-BE54-9A1E7A4F7556}") = "Mundipagg.Infra.Data", "src\Mundipagg.Infra.Data\Mundipagg.Infra.Data.csproj", "{6AC942D5-003D-4FD8-AD79-A5C293B088B4}"
EndProject
Project("{9A19103F-16F7-4668-BE54-9A1E7A4F7556}") = "Mundipagg.Infra.CrossCutting", "src\Mundipagg.Infra.CrossCutting\Mundipagg.Infra.CrossCutting.csproj", "{02149092-64E0-48B3-8AAA-6D012BF4C955}"
EndProject
Project("{9A19103F-16F7-4668-BE54-9A1E7A4F7556}") = "Mundipagg.Services.API", "src\Mundipagg.Aplication.API\Mundipagg.Services.API.csproj", "{44B0E55B-D72A-48FB-80F1-398EA52F4B82}"
EndProject
Project("{9A19103F-16F7-4668-BE54-9A1E7A4F7556}") = "Mundipagg.Aplication", "src\Mundipagg.Aplication\Mundipagg.Aplication.csproj", "{81E33466-FC11-4D8A-B506-DB8F44355781}"
EndProject
Project("{2150E333-8FDC-42A3-9474-1A3956D46DE8}") = "2-Application", "2-Application", "{AC460F5A-2380-4025-92FC-22EEB3BA8D86}"
EndProject
Global
	GlobalSection(SolutionConfigurationPlatforms) = preSolution
		Debug|Any CPU = Debug|Any CPU
		Release|Any CPU = Release|Any CPU
	EndGlobalSection
	GlobalSection(ProjectConfigurationPlatforms) = postSolution
		{B44034D6-B90B-47F0-BD2B-E6DC617027D1}.Debug|Any CPU.ActiveCfg = Debug|Any CPU
		{B44034D6-B90B-47F0-BD2B-E6DC617027D1}.Debug|Any CPU.Build.0 = Debug|Any CPU
		{B44034D6-B90B-47F0-BD2B-E6DC617027D1}.Release|Any CPU.ActiveCfg = Release|Any CPU
		{B44034D6-B90B-47F0-BD2B-E6DC617027D1}.Release|Any CPU.Build.0 = Release|Any CPU
		{6AC942D5-003D-4FD8-AD79-A5C293B088B4}.Debug|Any CPU.ActiveCfg = Debug|Any CPU
		{6AC942D5-003D-4FD8-AD79-A5C293B088B4}.Debug|Any CPU.Build.0 = Debug|Any CPU
		{6AC942D5-003D-4FD8-AD79-A5C293B088B4}.Release|Any CPU.ActiveCfg = Release|Any CPU
		{6AC942D5-003D-4FD8-AD79-A5C293B088B4}.Release|Any CPU.Build.0 = Release|Any CPU
		{02149092-64E0-48B3-8AAA-6D012BF4C955}.Debug|Any CPU.ActiveCfg = Debug|Any CPU
		{02149092-64E0-48B3-8AAA-6D012BF4C955}.Debug|Any CPU.Build.0 = Debug|Any CPU
		{02149092-64E0-48B3-8AAA-6D012BF4C955}.Release|Any CPU.ActiveCfg = Release|Any CPU
		{02149092-64E0-48B3-8AAA-6D012BF4C955}.Release|Any CPU.Build.0 = Release|Any CPU
		{44B0E55B-D72A-48FB-80F1-398EA52F4B82}.Debug|Any CPU.ActiveCfg = Debug|Any CPU
		{44B0E55B-D72A-48FB-80F1-398EA52F4B82}.Debug|Any CPU.Build.0 = Debug|Any CPU
		{44B0E55B-D72A-48FB-80F1-398EA52F4B82}.Release|Any CPU.ActiveCfg = Release|Any CPU
		{44B0E55B-D72A-48FB-80F1-398EA52F4B82}.Release|Any CPU.Build.0 = Release|Any CPU
		{81E33466-FC11-4D8A-B506-DB8F44355781}.Debug|Any CPU.ActiveCfg = Debug|Any CPU
		{81E33466-FC11-4D8A-B506-DB8F44355781}.Debug|Any CPU.Build.0 = Debug|Any CPU
		{81E33466-FC11-4D8A-B506-DB8F44355781}.Release|Any CPU.ActiveCfg = Release|Any CPU
		{81E33466-FC11-4D8A-B506-DB8F44355781}.Release|Any CPU.Build.0 = Release|Any CPU
	EndGlobalSection
	GlobalSection(SolutionProperties) = preSolution
		HideSolutionNode = FALSE
	EndGlobalSection
	GlobalSection(NestedProjects) = preSolution
		{072870BA-86CF-4AE7-86B8-1DA6131ED4C8} = {D0D8DD28-F939-4BDA-B79B-1F3D57D7421B}
		{E5125602-3C48-4C3E-B45B-A4C6447794DB} = {D0D8DD28-F939-4BDA-B79B-1F3D57D7421B}
		{B44034D6-B90B-47F0-BD2B-E6DC617027D1} = {9BDEC3B0-995B-43D8-ACCA-83CBAA4EB9CB}
		{6AC942D5-003D-4FD8-AD79-A5C293B088B4} = {072870BA-86CF-4AE7-86B8-1DA6131ED4C8}
		{02149092-64E0-48B3-8AAA-6D012BF4C955} = {E5125602-3C48-4C3E-B45B-A4C6447794DB}
		{44B0E55B-D72A-48FB-80F1-398EA52F4B82} = {F31AB1DF-BC58-442C-B04A-B99B61199E4E}
		{81E33466-FC11-4D8A-B506-DB8F44355781} = {AC460F5A-2380-4025-92FC-22EEB3BA8D86}
	EndGlobalSection
	GlobalSection(ExtensibilityGlobals) = postSolution
		SolutionGuid = {C6A8DA4D-FF0D-4EF5-ACF9-FA639D6E8003}
	EndGlobalSection
EndGlobal
